
Microsoft Visual Studio Solution File, Format Version 12.00
# Visual Studio 2013
VisualStudioVersion = 12.0.21005.1
MinimumVisualStudioVersion = 10.0.40219.1
Project("{2150E333-8FDC-42A3-9474-1A3956D46DE8}") = "Web", "Web", "{9D4C7DE8-3DEB-471E-8617-5097D713CD6C}"
EndProject
Project("{2150E333-8FDC-42A3-9474-1A3956D46DE8}") = "Service", "Service", "{54B38D22-8D1D-4865-BC68-B84839D5107F}"
EndProject
Project("{2150E333-8FDC-42A3-9474-1A3956D46DE8}") = "Domain", "Domain", "{E9D982B4-101B-4BF5-AA1E-123E6C4AE69D}"
EndProject
Project("{FAE04EC0-301F-11D3-BF4B-00C04F79EFBC}") = "PM.WebApi", "Service\PM.WebApi\PM.WebApi.csproj", "{6DDE0F7A-DA7A-469D-9C6E-BD0B6869E8A8}"
EndProject
Project("{FAE04EC0-301F-11D3-BF4B-00C04F79EFBC}") = "PM.Web", "Web\PM.Web\PM.Web.csproj", "{DD21B137-659C-4290-9A97-8D955794029C}"
EndProject
Project("{FAE04EC0-301F-11D3-BF4B-00C04F79EFBC}") = "PM.Business", "Domain\PM.Business\PM.Business.csproj", "{D004D0BC-BC6C-4C51-A58D-96DB183AE38A}"
EndProject
Project("{FAE04EC0-301F-11D3-BF4B-00C04F79EFBC}") = "PM.Common", "Domain\PM.Common\PM.Common.csproj", "{50AE6597-24EB-44E6-93C4-944FAF2A76EA}"
EndProject
Project("{FAE04EC0-301F-11D3-BF4B-00C04F79EFBC}") = "PM.DataAccess", "Domain\PM.DataAccess\PM.DataAccess.csproj", "{4B67F1DA-00DF-4805-A41E-3EE56C198C10}"
EndProject
Project("{FAE04EC0-301F-11D3-BF4B-00C04F79EFBC}") = "PM.DataEntity", "Domain\PM.DataEntity\PM.DataEntity.csproj", "{60F0E685-B80F-4898-AFA2-DA8232EBFD23}"
EndProject
Global
	GlobalSection(SolutionConfigurationPlatforms) = preSolution
		Debug|Any CPU = Debug|Any CPU
		Release|Any CPU = Release|Any CPU
	EndGlobalSection
	GlobalSection(ProjectConfigurationPlatforms) = postSolution
		{6DDE0F7A-DA7A-469D-9C6E-BD0B6869E8A8}.Debug|Any CPU.ActiveCfg = Debug|Any CPU
		{6DDE0F7A-DA7A-469D-9C6E-BD0B6869E8A8}.Debug|Any CPU.Build.0 = Debug|Any CPU
		{6DDE0F7A-DA7A-469D-9C6E-BD0B6869E8A8}.Release|Any CPU.ActiveCfg = Release|Any CPU
		{6DDE0F7A-DA7A-469D-9C6E-BD0B6869E8A8}.Release|Any CPU.Build.0 = Release|Any CPU
		{DD21B137-659C-4290-9A97-8D955794029C}.Debug|Any CPU.ActiveCfg = Debug|Any CPU
		{DD21B137-659C-4290-9A97-8D955794029C}.Debug|Any CPU.Build.0 = Debug|Any CPU
		{DD21B137-659C-4290-9A97-8D955794029C}.Release|Any CPU.ActiveCfg = Release|Any CPU
		{DD21B137-659C-4290-9A97-8D955794029C}.Release|Any CPU.Build.0 = Release|Any CPU
		{D004D0BC-BC6C-4C51-A58D-96DB183AE38A}.Debug|Any CPU.ActiveCfg = Debug|Any CPU
		{D004D0BC-BC6C-4C51-A58D-96DB183AE38A}.Debug|Any CPU.Build.0 = Debug|Any CPU
		{D004D0BC-BC6C-4C51-A58D-96DB183AE38A}.Release|Any CPU.ActiveCfg = Release|Any CPU
		{D004D0BC-BC6C-4C51-A58D-96DB183AE38A}.Release|Any CPU.Build.0 = Release|Any CPU
		{50AE6597-24EB-44E6-93C4-944FAF2A76EA}.Debug|Any CPU.ActiveCfg = Debug|Any CPU
		{50AE6597-24EB-44E6-93C4-944FAF2A76EA}.Debug|Any CPU.Build.0 = Debug|Any CPU
		{50AE6597-24EB-44E6-93C4-944FAF2A76EA}.Release|Any CPU.ActiveCfg = Release|Any CPU
		{50AE6597-24EB-44E6-93C4-944FAF2A76EA}.Release|Any CPU.Build.0 = Release|Any CPU
		{4B67F1DA-00DF-4805-A41E-3EE56C198C10}.Debug|Any CPU.ActiveCfg = Debug|Any CPU
		{4B67F1DA-00DF-4805-A41E-3EE56C198C10}.Debug|Any CPU.Build.0 = Debug|Any CPU
		{4B67F1DA-00DF-4805-A41E-3EE56C198C10}.Release|Any CPU.ActiveCfg = Release|Any CPU
		{4B67F1DA-00DF-4805-A41E-3EE56C198C10}.Release|Any CPU.Build.0 = Release|Any CPU
		{60F0E685-B80F-4898-AFA2-DA8232EBFD23}.Debug|Any CPU.ActiveCfg = Debug|Any CPU
		{60F0E685-B80F-4898-AFA2-DA8232EBFD23}.Debug|Any CPU.Build.0 = Debug|Any CPU
		{60F0E685-B80F-4898-AFA2-DA8232EBFD23}.Release|Any CPU.ActiveCfg = Release|Any CPU
		{60F0E685-B80F-4898-AFA2-DA8232EBFD23}.Release|Any CPU.Build.0 = Release|Any CPU
	EndGlobalSection
	GlobalSection(SolutionProperties) = preSolution
		HideSolutionNode = FALSE
	EndGlobalSection
	GlobalSection(NestedProjects) = preSolution
		{DD21B137-659C-4290-9A97-8D955794029C} = {9D4C7DE8-3DEB-471E-8617-5097D713CD6C}
		{6DDE0F7A-DA7A-469D-9C6E-BD0B6869E8A8} = {54B38D22-8D1D-4865-BC68-B84839D5107F}
		{D004D0BC-BC6C-4C51-A58D-96DB183AE38A} = {E9D982B4-101B-4BF5-AA1E-123E6C4AE69D}
		{50AE6597-24EB-44E6-93C4-944FAF2A76EA} = {E9D982B4-101B-4BF5-AA1E-123E6C4AE69D}
		{4B67F1DA-00DF-4805-A41E-3EE56C198C10} = {E9D982B4-101B-4BF5-AA1E-123E6C4AE69D}
		{60F0E685-B80F-4898-AFA2-DA8232EBFD23} = {E9D982B4-101B-4BF5-AA1E-123E6C4AE69D}
	EndGlobalSection
EndGlobal
